{
    "_meta": {
        "hash": {
            "sha256": "8aef05bc91c0fc83e2fea7abc04150ce1240ba1c92e41ab83aa554640d33095e"
        },
        "pipfile-spec": 6,
        "requires": {
            "python_version": "3.9"
        },
        "sources": [
            {
                "name": "pypi",
                "url": "https://pypi.org/simple",
                "verify_ssl": true
            }
        ]
    },
    "default": {
        "cycless": {
            "hashes": [
                "sha256:8d7d9b00253835909e91b9e9640b8e032efda4483fd8f9df534539515a61a34a",
                "sha256:b5cfce5b138e34669c274f77c5c39129807fbcf68c8cc6dbbc17ebf6856ce379"
            ],
            "markers": "python_version >= '3.5'",
            "version": "==0.1.4"
        },
        "genice2": {
            "hashes": [
                "sha256:49b6590576f30244ef2d01925674ea19bc1a84a767d7caf5ae442c7f08424679"
            ],
            "index": "pypi",
            "version": "==2.1.5"
        },
        "graphstat": {
            "hashes": [
                "sha256:3fe680ae04e34e76e48967bb3cd39916d3bb5cc207d885ae54930a913df1873d",
                "sha256:824ac7a87a9e5aa6c0a232229d9b699f69f8b8c105f5c6ca437d94316bc9499e"
            ],
            "version": "==0.2.1"
        },
        "methodtools": {
            "hashes": [
                "sha256:9370156e9036789e98cf0e97355b3be3bcd7cc9e520d1e15893a1407719effb2"
            ],
            "version": "==0.4.5"
        },
        "networkx": {
            "hashes": [
                "sha256:836544e160f1b7ebf720c01667b7d2f5724c0424374aef2b665ed64dd14b0c7d",
                "sha256:effb7d9cd5c36e1e0d33f42a3aef5badde5030535826a367d5cf608a170af515"
            ],
            "markers": "python_version >= '3.8'",
            "version": "==2.7"
        },
        "numpy": {
            "hashes": [
                "sha256:03ae5850619abb34a879d5f2d4bb4dcd025d6d8fb72f5e461dae84edccfe129f",
                "sha256:076aee5a3763d41da6bef9565fdf3cb987606f567cd8b104aded2b38b7b47abf",
                "sha256:0b536b6840e84c1c6a410f3a5aa727821e6108f3454d81a5cd5900999ef04f89",
                "sha256:15efb7b93806d438e3bc590ca8ef2f953b0ce4f86f337ef4559d31ec6cf9d7dd",
                "sha256:168259b1b184aa83a514f307352c25c56af111c269ffc109d9704e81f72e764b",
                "sha256:2638389562bda1635b564490d76713695ff497242a83d9b684d27bb4a6cc9d7a",
                "sha256:3556c5550de40027d3121ebbb170f61bbe19eb639c7ad0c7b482cd9b560cd23b",
                "sha256:4a176959b6e7e00b5a0d6f549a479f869829bfd8150282c590deee6d099bbb6e",
                "sha256:515a8b6edbb904594685da6e176ac9fbea8f73a5ebae947281de6613e27f1956",
                "sha256:55535c7c2f61e2b2fc817c5cbe1af7cb907c7f011e46ae0a52caa4be1f19afe2",
                "sha256:59153979d60f5bfe9e4c00e401e24dfe0469ef8da6d68247439d3278f30a180f",
                "sha256:60cb8e5933193a3cc2912ee29ca331e9c15b2da034f76159b7abc520b3d1233a",
                "sha256:6767ad399e9327bfdbaa40871be4254d1995f4a3ca3806127f10cec778bd9896",
                "sha256:76a4f9bce0278becc2da7da3b8ef854bed41a991f4226911a24a9711baad672c",
                "sha256:8cf33634b60c9cef346663a222d9841d3bbbc0a2f00221d6bcfd0d993d5543f6",
                "sha256:94dd11d9f13ea1be17bac39c1942f527cbf7065f94953cf62dfe805653da2f8f",
                "sha256:aafa46b5a39a27aca566198d3312fb3bde95ce9677085efd02c86f7ef6be4ec7",
                "sha256:badca914580eb46385e7f7e4e426fea6de0a37b9e06bec252e481ae7ec287082",
                "sha256:d76a26c5118c4d96e264acc9e3242d72e1a2b92e739807b3b69d8d47684b6677"
            ],
            "index": "pypi",
            "version": "==1.22.2"
        },
        "openpyscad": {
            "hashes": [
                "sha256:2e1ea8eb10fe9e9c31c8bc5941c1ef6294e3400e4ae4b23133ce2275124d1c9b",
                "sha256:9ce23ffdb1a3d41ca0589ca813ba8d96063f4faaf0bfb0d902f5cd5df54f899c"
            ],
            "markers": "python_version >= '3.5' and python_version < '4.0'",
            "version": "==0.5.0"
        },
        "pairlist": {
            "hashes": [
                "sha256:e1dd6954323221eb76e8b0e4d2bebca3dc6383dbc0d2c79ed71c7ca491d87be1"
            ],
            "version": "==0.2.12"
        },
        "six": {
            "hashes": [
                "sha256:1e61c37477a1626458e36f7b1d82aa5c9b094fa4802892072e49de9c60c4c926",
                "sha256:8abb2f1d86890a2dfb989f9a77cfcfd3e47c2a354b01111771326f8aa26e0254"
            ],
            "markers": "python_version >= '2.7' and python_version not in '3.0, 3.1, 3.2, 3.3'",
            "version": "==1.16.0"
        },
        "tilecycles": {
            "hashes": [
                "sha256:eb4c14e4f07f9f6da50785f7ed4cdb60fe1d049e95631247205a02e45fbac99e"
            ],
            "version": "==0.1.5.3"
        },
        "wheel": {
            "hashes": [
                "sha256:4bdcd7d840138086126cd09254dc6195fb4fc6f01c050a1d7236f2630db1d22a",
                "sha256:e9a504e793efbca1b8e0e9cb979a249cf4a0a7b5b8c9e8b65a5e39d49529c1c4"
            ],
            "markers": "python_version >= '2.7' and python_version not in '3.0, 3.1, 3.2, 3.3, 3.4'",
            "version": "==0.37.1"
        },
        "wirerope": {
            "hashes": [
                "sha256:bd1a151d4133b3ce30ecb76ed92f861505f688151173d22be2e29f4f02e60392"
            ],
            "version": "==0.4.6"
        },
        "yaplotlib": {
            "hashes": [
                "sha256:29f25714473f8ddc8efa98ead7cdc90a651724056a6f4e4aef18409b9bf27416",
                "sha256:fa1ddee84da63eb2579d65ca648921010a6b6d1ea567324b8996412741d77857"
            ],
            "version": "==0.1.2"
        }
    },
    "develop": {}
}
