{
    "_meta": {
        "hash": {
            "sha256": "ee9a8a5b0a83cad55d1a2a4a02ad8af354cb2ea11a30766d079b95a733b83e54"
        },
        "pipfile-spec": 6,
        "requires": {
            "python_version": "3.9"
        },
        "sources": [
            {
                "name": "pypi",
                "url": "https://pypi.org/simple",
                "verify_ssl": true
            }
        ]
    },
    "default": {
        "cycless": {
            "hashes": [
                "sha256:8d7d9b00253835909e91b9e9640b8e032efda4483fd8f9df534539515a61a34a",
                "sha256:b5cfce5b138e34669c274f77c5c39129807fbcf68c8cc6dbbc17ebf6856ce379"
            ],
            "markers": "python_version >= '3.5'",
            "version": "==0.1.4"
        },
        "genice2": {
            "hashes": [
                "sha256:ff3b430f63c5e3d0d80e9c1ae07e2f6dbbc858f03775752155d5d291e724112d"
            ],
            "index": "pypi",
            "version": "==2.1.6.4"
        },
        "graphstat": {
            "hashes": [
                "sha256:3fe680ae04e34e76e48967bb3cd39916d3bb5cc207d885ae54930a913df1873d",
                "sha256:824ac7a87a9e5aa6c0a232229d9b699f69f8b8c105f5c6ca437d94316bc9499e"
            ],
            "version": "==0.2.1"
        },
        "methodtools": {
            "hashes": [
                "sha256:9370156e9036789e98cf0e97355b3be3bcd7cc9e520d1e15893a1407719effb2"
            ],
            "version": "==0.4.5"
        },
        "networkx": {
            "hashes": [
                "sha256:49c67cef45cb6e049684d327796a928c71bf7d04c094dea04ec99c0018325a10",
                "sha256:c5b1c2d94353395b2c5cb7214b34723a2f8a223ce38391ed9be44aba4bce64ca"
            ],
            "markers": "python_version >= '3.8'",
            "version": "==3.0rc1"
        },
        "numpy": {
            "hashes": [
                "sha256:0fe563fc8ed9dc4474cbf70742673fc4391d70f4363f917599a7fa99f042d5a8",
                "sha256:12ac457b63ec8ded85d85c1e17d85efd3c2b0967ca39560b307a35a6703a4735",
                "sha256:2341f4ab6dba0834b685cce16dad5f9b6606ea8a00e6da154f5dbded70fdc4dd",
                "sha256:296d17aed51161dbad3c67ed6d164e51fcd18dbcd5dd4f9d0a9c6055dce30810",
                "sha256:488a66cb667359534bc70028d653ba1cf307bae88eab5929cd707c761ff037db",
                "sha256:4d52914c88b4930dafb6c48ba5115a96cbab40f45740239d9f4159c4ba779962",
                "sha256:5e13030f8793e9ee42f9c7d5777465a560eb78fa7e11b1c053427f2ccab90c79",
                "sha256:61be02e3bf810b60ab74e81d6d0d36246dbfb644a462458bb53b595791251911",
                "sha256:7607b598217745cc40f751da38ffd03512d33ec06f3523fb0b5f82e09f6f676d",
                "sha256:7a70a7d3ce4c0e9284e92285cba91a4a3f5214d87ee0e95928f3614a256a1488",
                "sha256:7ab46e4e7ec63c8a5e6dbf5c1b9e1c92ba23a7ebecc86c336cb7bf3bd2fb10e5",
                "sha256:8981d9b5619569899666170c7c9748920f4a5005bf79c72c07d08c8a035757b0",
                "sha256:8c053d7557a8f022ec823196d242464b6955a7e7e5015b719e76003f63f82d0f",
                "sha256:926db372bc4ac1edf81cfb6c59e2a881606b409ddc0d0920b988174b2e2a767f",
                "sha256:95d79ada05005f6f4f337d3bb9de8a7774f259341c70bc88047a1f7b96a4bcb2",
                "sha256:95de7dc7dc47a312f6feddd3da2500826defdccbc41608d0031276a24181a2c0",
                "sha256:a0882323e0ca4245eb0a3d0a74f88ce581cc33aedcfa396e415e5bba7bf05f68",
                "sha256:a8365b942f9c1a7d0f0dc974747d99dd0a0cdfc5949a33119caf05cb314682d3",
                "sha256:a8aae2fb3180940011b4862b2dd3756616841c53db9734b27bb93813cd79fce6",
                "sha256:c237129f0e732885c9a6076a537e974160482eab8f10db6292e92154d4c67d71",
                "sha256:c67b833dbccefe97cdd3f52798d430b9d3430396af7cdb2a0c32954c3ef73894",
                "sha256:ce03305dd694c4873b9429274fd41fc7eb4e0e4dea07e0af97a933b079a5814f",
                "sha256:d331afac87c92373826af83d2b2b435f57b17a5c74e6268b79355b970626e329",
                "sha256:dada341ebb79619fe00a291185bba370c9803b1e1d7051610e01ed809ef3a4ba",
                "sha256:ed2cc92af0efad20198638c69bb0fc2870a58dabfba6eb722c933b48556c686c",
                "sha256:f260da502d7441a45695199b4e7fd8ca87db659ba1c78f2bbf31f934fe76ae0e",
                "sha256:f2f390aa4da44454db40a1f0201401f9036e8d578a25f01a6e237cea238337ef",
                "sha256:f76025acc8e2114bb664294a07ede0727aa75d63a06d2fae96bf29a81747e4a7"
            ],
            "index": "pypi",
            "version": "==1.23.4"
        },
        "openpyscad": {
            "hashes": [
                "sha256:2e1ea8eb10fe9e9c31c8bc5941c1ef6294e3400e4ae4b23133ce2275124d1c9b",
                "sha256:9ce23ffdb1a3d41ca0589ca813ba8d96063f4faaf0bfb0d902f5cd5df54f899c"
            ],
            "markers": "python_version >= '3.5' and python_version < '4.0'",
            "version": "==0.5.0"
        },
        "pairlist": {
            "hashes": [
                "sha256:b05e7284005f08a95dd852770cd5cadcbfca0fde64b5f0f5cf855c2c7d679c82"
            ],
            "index": "pypi",
            "version": "==0.2.12.4"
        },
        "six": {
            "hashes": [
                "sha256:1e61c37477a1626458e36f7b1d82aa5c9b094fa4802892072e49de9c60c4c926",
                "sha256:8abb2f1d86890a2dfb989f9a77cfcfd3e47c2a354b01111771326f8aa26e0254"
            ],
            "markers": "python_version >= '2.7' and python_version not in '3.0, 3.1, 3.2, 3.3'",
            "version": "==1.16.0"
        },
        "tilecycles": {
            "hashes": [
                "sha256:eb4c14e4f07f9f6da50785f7ed4cdb60fe1d049e95631247205a02e45fbac99e"
            ],
            "version": "==0.1.5.3"
        },
        "wheel": {
            "hashes": [
                "sha256:965f5259b566725405b05e7cf774052044b1ed30119b5d586b2703aafe8719ac",
                "sha256:b60533f3f5d530e971d6737ca6d58681ee434818fab630c83a734bb10c083ce8"
            ],
            "markers": "python_version >= '3.7'",
            "version": "==0.38.4"
        },
        "wirerope": {
            "hashes": [
                "sha256:bd1a151d4133b3ce30ecb76ed92f861505f688151173d22be2e29f4f02e60392"
            ],
            "version": "==0.4.6"
        },
        "yaplotlib": {
            "hashes": [
                "sha256:29f25714473f8ddc8efa98ead7cdc90a651724056a6f4e4aef18409b9bf27416",
                "sha256:fa1ddee84da63eb2579d65ca648921010a6b6d1ea567324b8996412741d77857"
            ],
            "version": "==0.1.2"
        }
    },
    "develop": {
        "attrdict": {
            "hashes": [
                "sha256:35c90698b55c683946091177177a9e9c0713a0860f0e049febd72649ccd77b70",
                "sha256:9432e3498c74ff7e1b20b3d93b45d766b71cbffa90923496f82c4ae38b92be34"
            ],
            "version": "==2.0.1"
        },
        "cycless": {
            "hashes": [
                "sha256:8d7d9b00253835909e91b9e9640b8e032efda4483fd8f9df534539515a61a34a",
                "sha256:b5cfce5b138e34669c274f77c5c39129807fbcf68c8cc6dbbc17ebf6856ce379"
            ],
            "markers": "python_version >= '3.5'",
            "version": "==0.1.4"
        },
        "genice2": {
            "hashes": [
                "sha256:ff3b430f63c5e3d0d80e9c1ae07e2f6dbbc858f03775752155d5d291e724112d"
            ],
            "index": "pypi",
            "version": "==2.1.6.4"
        },
        "genice2-cage": {
            "hashes": [
                "sha256:bfc740d44d71335ad29b3597f01ed55602e385d734c7c6e1bea6a43a5665cb2c",
                "sha256:ee9856704d7aeaca9d81b1dfcb81a7b0a7ff3c5e9c669d228bab58cf6ad7511e"
            ],
            "index": "pypi",
            "version": "==2.1.1"
        },
        "genice2-cockayne": {
            "file": "https://github.com/vitroid/CockayneTiling/archive/genice2.zip",
            "hashes": [
                "sha256:c1df329c634567021d0ff015c510007b67a3f4da1c5b6f163f1604b40c4c7615"
            ],
            "version": "==0.0.1"
        },
        "genice2-stampfli": {
            "file": "https://github.com/vitroid/StampfliTiling/archive/genice2.zip",
            "hashes": [
                "sha256:35fcd3452c8354093e9b84a71538d6162a05c91a0d3fc9d888da95616c480012"
            ],
            "version": "==0.0.1.3"
        },
        "graphstat": {
            "hashes": [
                "sha256:3fe680ae04e34e76e48967bb3cd39916d3bb5cc207d885ae54930a913df1873d",
                "sha256:824ac7a87a9e5aa6c0a232229d9b699f69f8b8c105f5c6ca437d94316bc9499e"
            ],
            "version": "==0.2.1"
        },
        "methodtools": {
            "hashes": [
                "sha256:9370156e9036789e98cf0e97355b3be3bcd7cc9e520d1e15893a1407719effb2"
            ],
            "version": "==0.4.5"
        },
        "networkx": {
            "hashes": [
                "sha256:49c67cef45cb6e049684d327796a928c71bf7d04c094dea04ec99c0018325a10",
                "sha256:c5b1c2d94353395b2c5cb7214b34723a2f8a223ce38391ed9be44aba4bce64ca"
            ],
            "markers": "python_version >= '3.8'",
            "version": "==3.0rc1"
        },
        "numpy": {
            "hashes": [
                "sha256:0fe563fc8ed9dc4474cbf70742673fc4391d70f4363f917599a7fa99f042d5a8",
                "sha256:12ac457b63ec8ded85d85c1e17d85efd3c2b0967ca39560b307a35a6703a4735",
                "sha256:2341f4ab6dba0834b685cce16dad5f9b6606ea8a00e6da154f5dbded70fdc4dd",
                "sha256:296d17aed51161dbad3c67ed6d164e51fcd18dbcd5dd4f9d0a9c6055dce30810",
                "sha256:488a66cb667359534bc70028d653ba1cf307bae88eab5929cd707c761ff037db",
                "sha256:4d52914c88b4930dafb6c48ba5115a96cbab40f45740239d9f4159c4ba779962",
                "sha256:5e13030f8793e9ee42f9c7d5777465a560eb78fa7e11b1c053427f2ccab90c79",
                "sha256:61be02e3bf810b60ab74e81d6d0d36246dbfb644a462458bb53b595791251911",
                "sha256:7607b598217745cc40f751da38ffd03512d33ec06f3523fb0b5f82e09f6f676d",
                "sha256:7a70a7d3ce4c0e9284e92285cba91a4a3f5214d87ee0e95928f3614a256a1488",
                "sha256:7ab46e4e7ec63c8a5e6dbf5c1b9e1c92ba23a7ebecc86c336cb7bf3bd2fb10e5",
                "sha256:8981d9b5619569899666170c7c9748920f4a5005bf79c72c07d08c8a035757b0",
                "sha256:8c053d7557a8f022ec823196d242464b6955a7e7e5015b719e76003f63f82d0f",
                "sha256:926db372bc4ac1edf81cfb6c59e2a881606b409ddc0d0920b988174b2e2a767f",
                "sha256:95d79ada05005f6f4f337d3bb9de8a7774f259341c70bc88047a1f7b96a4bcb2",
                "sha256:95de7dc7dc47a312f6feddd3da2500826defdccbc41608d0031276a24181a2c0",
                "sha256:a0882323e0ca4245eb0a3d0a74f88ce581cc33aedcfa396e415e5bba7bf05f68",
                "sha256:a8365b942f9c1a7d0f0dc974747d99dd0a0cdfc5949a33119caf05cb314682d3",
                "sha256:a8aae2fb3180940011b4862b2dd3756616841c53db9734b27bb93813cd79fce6",
                "sha256:c237129f0e732885c9a6076a537e974160482eab8f10db6292e92154d4c67d71",
                "sha256:c67b833dbccefe97cdd3f52798d430b9d3430396af7cdb2a0c32954c3ef73894",
                "sha256:ce03305dd694c4873b9429274fd41fc7eb4e0e4dea07e0af97a933b079a5814f",
                "sha256:d331afac87c92373826af83d2b2b435f57b17a5c74e6268b79355b970626e329",
                "sha256:dada341ebb79619fe00a291185bba370c9803b1e1d7051610e01ed809ef3a4ba",
                "sha256:ed2cc92af0efad20198638c69bb0fc2870a58dabfba6eb722c933b48556c686c",
                "sha256:f260da502d7441a45695199b4e7fd8ca87db659ba1c78f2bbf31f934fe76ae0e",
                "sha256:f2f390aa4da44454db40a1f0201401f9036e8d578a25f01a6e237cea238337ef",
                "sha256:f76025acc8e2114bb664294a07ede0727aa75d63a06d2fae96bf29a81747e4a7"
            ],
            "index": "pypi",
            "version": "==1.23.4"
        },
        "openpyscad": {
            "hashes": [
                "sha256:2e1ea8eb10fe9e9c31c8bc5941c1ef6294e3400e4ae4b23133ce2275124d1c9b",
                "sha256:9ce23ffdb1a3d41ca0589ca813ba8d96063f4faaf0bfb0d902f5cd5df54f899c"
            ],
            "markers": "python_version >= '3.5' and python_version < '4.0'",
            "version": "==0.5.0"
        },
        "pairlist": {
            "hashes": [
                "sha256:b05e7284005f08a95dd852770cd5cadcbfca0fde64b5f0f5cf855c2c7d679c82"
            ],
            "index": "pypi",
            "version": "==0.2.12.4"
        },
        "six": {
            "hashes": [
                "sha256:1e61c37477a1626458e36f7b1d82aa5c9b094fa4802892072e49de9c60c4c926",
                "sha256:8abb2f1d86890a2dfb989f9a77cfcfd3e47c2a354b01111771326f8aa26e0254"
            ],
            "markers": "python_version >= '2.7' and python_version not in '3.0, 3.1, 3.2, 3.3'",
            "version": "==1.16.0"
        },
        "tilecycles": {
            "hashes": [
                "sha256:eb4c14e4f07f9f6da50785f7ed4cdb60fe1d049e95631247205a02e45fbac99e"
            ],
            "version": "==0.1.5.3"
        },
        "wheel": {
            "hashes": [
                "sha256:965f5259b566725405b05e7cf774052044b1ed30119b5d586b2703aafe8719ac",
                "sha256:b60533f3f5d530e971d6737ca6d58681ee434818fab630c83a734bb10c083ce8"
            ],
            "markers": "python_version >= '3.7'",
            "version": "==0.38.4"
        },
        "wirerope": {
            "hashes": [
                "sha256:bd1a151d4133b3ce30ecb76ed92f861505f688151173d22be2e29f4f02e60392"
            ],
            "version": "==0.4.6"
        },
        "yaplotlib": {
            "hashes": [
                "sha256:29f25714473f8ddc8efa98ead7cdc90a651724056a6f4e4aef18409b9bf27416",
                "sha256:fa1ddee84da63eb2579d65ca648921010a6b6d1ea567324b8996412741d77857"
            ],
            "version": "==0.1.2"
        }
    }
}
